
Microsoft Visual Studio Solution File, Format Version 12.00
# Visual Studio Version 17
VisualStudioVersion = 17.0.31611.283
MinimumVisualStudioVersion = 10.0.40219.1
Project("{CC95CFEF-1F87-45F5-B925-270FCB656BC0}") = "SampleMauiAppCPM", "SampleMauiAppCPM.csproj", "{89196F0E-1244-40B5-97BB-6B0C76BB2743}"
EndProject
Project("{2150E333-8FDC-42A3-9474-1A3956D46DE8}") = "Solution Items", "Solution Items", "{94549403-FC57-4B6A-8AED-010EB4F45DF1}"
	ProjectSection(SolutionItems) = preProject
		Directory.Packages.props = Directory.Packages.props
	EndProjectSection
EndProject
Global
	GlobalSection(SolutionConfigurationPlatforms) = preSolution
		Debug|Any CPU = Debug|Any CPU
		Release|Any CPU = Release|Any CPU
	EndGlobalSection
	GlobalSection(ProjectConfigurationPlatforms) = postSolution
		{89196F0E-1244-40B5-97BB-6B0C76BB2743}.Debug|Any CPU.ActiveCfg = Debug|Any CPU
		{89196F0E-1244-40B5-97BB-6B0C76BB2743}.Debug|Any CPU.Build.0 = Debug|Any CPU
		{89196F0E-1244-40B5-97BB-6B0C76BB2743}.Debug|Any CPU.Deploy.0 = Debug|Any CPU
		{89196F0E-1244-40B5-97BB-6B0C76BB2743}.Release|Any CPU.ActiveCfg = Release|Any CPU
		{89196F0E-1244-40B5-97BB-6B0C76BB2743}.Release|Any CPU.Build.0 = Release|Any CPU
		{89196F0E-1244-40B5-97BB-6B0C76BB2743}.Release|Any CPU.Deploy.0 = Release|Any CPU
	EndGlobalSection
	GlobalSection(SolutionProperties) = preSolution
		HideSolutionNode = FALSE
	EndGlobalSection
	GlobalSection(ExtensibilityGlobals) = postSolution
		        SolutionGuid = {5FD8521C-E4EB-40ED-92CD-405A9B194A4A}
	EndGlobalSection
EndGlobal
