
Microsoft Visual Studio Solution File, Format Version 12.00
# Visual Studio Version 17
VisualStudioVersion = 17.0.31611.283
MinimumVisualStudioVersion = 10.0.40219.1
Project("{9A19103F-16F7-4668-BE54-9A1E7A4F7556}") = "SampleMauiAppCPM", "src\SampleMauiAppCPM\SampleMauiAppCPM.csproj", "{89196F0E-1244-40B5-97BB-6B0C76BB2743}"
EndProject
Project("{2150E333-8FDC-42A3-9474-1A3956D46DE8}") = "Solution Items", "Solution Items", "{94549403-FC57-4B6A-8AED-010EB4F45DF1}"
	ProjectSection(SolutionItems) = preProject
		Directory.Packages.props = Directory.Packages.props
	EndProjectSection
EndProject
Project("{6EC3EE1D-3C4E-46DD-8F32-0CC8E7565705}") = "BackendDataLayer", "src\BackendDataLayer\BackendDataLayer.fsproj", "{CA9B645A-8D20-44EC-B97C-F57BFCD720AB}"
EndProject
Project("{6EC3EE1D-3C4E-46DD-8F32-0CC8E7565705}") = "DataLayerTestConsole", "src\DataLayerTestConsole\DataLayerTestConsole.fsproj", "{5B7CB933-40C3-4216-AF33-C1342BF34A29}"
EndProject
Project("{6EC3EE1D-3C4E-46DD-8F32-0CC8E7565705}") = "DataModel", "src\DataModel\DataModel.fsproj", "{51DE638B-C027-4337-B0CD-BD927B25FE41}"
EndProject
Project("{9A19103F-16F7-4668-BE54-9A1E7A4F7556}") = "GrpcClient", "src\GrpcClient\GrpcClient.csproj", "{4BAAFE35-6EAF-4D65-947B-E2A043A6E337}"
EndProject
Project("{9A19103F-16F7-4668-BE54-9A1E7A4F7556}") = "GrpcService", "src\GrpcService\GrpcService.csproj", "{FBA4AE56-A5D9-4061-8454-F5248B7D9335}"
EndProject
Project("{9A19103F-16F7-4668-BE54-9A1E7A4F7556}") = "Frontend", "src\Frontend\Frontend.csproj", "{26077D4E-5CB4-43CD-8A76-6BC9E7F623D1}"
EndProject
Global
	GlobalSection(SolutionConfigurationPlatforms) = preSolution
		Debug|Any CPU = Debug|Any CPU
		Release|Any CPU = Release|Any CPU
	EndGlobalSection
	GlobalSection(ProjectConfigurationPlatforms) = postSolution
		{89196F0E-1244-40B5-97BB-6B0C76BB2743}.Debug|Any CPU.ActiveCfg = Debug|Any CPU
		{89196F0E-1244-40B5-97BB-6B0C76BB2743}.Debug|Any CPU.Build.0 = Debug|Any CPU
		{89196F0E-1244-40B5-97BB-6B0C76BB2743}.Debug|Any CPU.Deploy.0 = Debug|Any CPU
		{89196F0E-1244-40B5-97BB-6B0C76BB2743}.Release|Any CPU.ActiveCfg = Release|Any CPU
		{89196F0E-1244-40B5-97BB-6B0C76BB2743}.Release|Any CPU.Build.0 = Release|Any CPU
		{89196F0E-1244-40B5-97BB-6B0C76BB2743}.Release|Any CPU.Deploy.0 = Release|Any CPU
		{CA9B645A-8D20-44EC-B97C-F57BFCD720AB}.Debug|Any CPU.ActiveCfg = Debug|Any CPU
		{CA9B645A-8D20-44EC-B97C-F57BFCD720AB}.Debug|Any CPU.Build.0 = Debug|Any CPU
		{CA9B645A-8D20-44EC-B97C-F57BFCD720AB}.Release|Any CPU.ActiveCfg = Release|Any CPU
		{CA9B645A-8D20-44EC-B97C-F57BFCD720AB}.Release|Any CPU.Build.0 = Release|Any CPU
		{5B7CB933-40C3-4216-AF33-C1342BF34A29}.Debug|Any CPU.ActiveCfg = Debug|Any CPU
		{5B7CB933-40C3-4216-AF33-C1342BF34A29}.Debug|Any CPU.Build.0 = Debug|Any CPU
		{5B7CB933-40C3-4216-AF33-C1342BF34A29}.Release|Any CPU.ActiveCfg = Release|Any CPU
		{5B7CB933-40C3-4216-AF33-C1342BF34A29}.Release|Any CPU.Build.0 = Release|Any CPU
		{51DE638B-C027-4337-B0CD-BD927B25FE41}.Debug|Any CPU.ActiveCfg = Debug|Any CPU
		{51DE638B-C027-4337-B0CD-BD927B25FE41}.Debug|Any CPU.Build.0 = Debug|Any CPU
		{51DE638B-C027-4337-B0CD-BD927B25FE41}.Release|Any CPU.ActiveCfg = Release|Any CPU
		{51DE638B-C027-4337-B0CD-BD927B25FE41}.Release|Any CPU.Build.0 = Release|Any CPU
		{4BAAFE35-6EAF-4D65-947B-E2A043A6E337}.Debug|Any CPU.ActiveCfg = Debug|Any CPU
		{4BAAFE35-6EAF-4D65-947B-E2A043A6E337}.Debug|Any CPU.Build.0 = Debug|Any CPU
		{4BAAFE35-6EAF-4D65-947B-E2A043A6E337}.Release|Any CPU.ActiveCfg = Release|Any CPU
		{4BAAFE35-6EAF-4D65-947B-E2A043A6E337}.Release|Any CPU.Build.0 = Release|Any CPU
		{FBA4AE56-A5D9-4061-8454-F5248B7D9335}.Debug|Any CPU.ActiveCfg = Debug|Any CPU
		{FBA4AE56-A5D9-4061-8454-F5248B7D9335}.Debug|Any CPU.Build.0 = Debug|Any CPU
		{FBA4AE56-A5D9-4061-8454-F5248B7D9335}.Release|Any CPU.ActiveCfg = Release|Any CPU
		{FBA4AE56-A5D9-4061-8454-F5248B7D9335}.Release|Any CPU.Build.0 = Release|Any CPU
		{26077D4E-5CB4-43CD-8A76-6BC9E7F623D1}.Debug|Any CPU.ActiveCfg = Debug|Any CPU
		{26077D4E-5CB4-43CD-8A76-6BC9E7F623D1}.Debug|Any CPU.Build.0 = Debug|Any CPU
		{26077D4E-5CB4-43CD-8A76-6BC9E7F623D1}.Debug|Any CPU.Deploy.0 = Debug|Any CPU
		{26077D4E-5CB4-43CD-8A76-6BC9E7F623D1}.Release|Any CPU.ActiveCfg = Release|Any CPU
		{26077D4E-5CB4-43CD-8A76-6BC9E7F623D1}.Release|Any CPU.Build.0 = Release|Any CPU
		{26077D4E-5CB4-43CD-8A76-6BC9E7F623D1}.Release|Any CPU.Deploy.0 = Release|Any CPU
	EndGlobalSection
	GlobalSection(SolutionProperties) = preSolution
		HideSolutionNode = FALSE
	EndGlobalSection
	GlobalSection(ExtensibilityGlobals) = postSolution
		SolutionGuid = {0F5DCC97-D134-44B3-A8B2-D43BA1487583}
		        SolutionGuid = {5FD8521C-E4EB-40ED-92CD-405A9B194A4A}
	EndGlobalSection
EndGlobal
